
Microsoft Visual Studio Solution File, Format Version 12.00
# Visual Studio Version 17
VisualStudioVersion = 17.3.32811.315
MinimumVisualStudioVersion = 10.0.40219.1
Project("{9A19103F-16F7-4668-BE54-9A1E7A4F7556}") = "Task_1", "task_1\Task_1.csproj", "{CD8F77F2-5C26-4B39-B4EA-BC7FA949A1F6}"
EndProject
Project("{9A19103F-16F7-4668-BE54-9A1E7A4F7556}") = "Task_2", "Task_2\Task_2.csproj", "{38AC3722-C16C-43F9-9EB3-2B06AD61FBCF}"
EndProject
Project("{9A19103F-16F7-4668-BE54-9A1E7A4F7556}") = "Task_3", "Task_3\Task_3.csproj", "{0AF3082A-0256-4C17-A95F-45EC00CDBE04}"
EndProject
Project("{9A19103F-16F7-4668-BE54-9A1E7A4F7556}") = "Task_4", "Task_4\Task_4.csproj", "{AB8DDB09-2AF5-4F6B-87AC-9CC1557ED412}"
EndProject
Project("{FAE04EC0-301F-11D3-BF4B-00C04F79EFBC}") = "DopTask", "DopTask\DopTask.csproj", "{BF5336D1-1FE0-48DB-B7F2-5E51BB2F4FD8}"
EndProject
Global
	GlobalSection(SolutionConfigurationPlatforms) = preSolution
		Debug|Any CPU = Debug|Any CPU
		Debug|x64 = Debug|x64
		Debug|x86 = Debug|x86
		Release|Any CPU = Release|Any CPU
		Release|x64 = Release|x64
		Release|x86 = Release|x86
	EndGlobalSection
	GlobalSection(ProjectConfigurationPlatforms) = postSolution
		{CD8F77F2-5C26-4B39-B4EA-BC7FA949A1F6}.Debug|Any CPU.ActiveCfg = Debug|Any CPU
		{CD8F77F2-5C26-4B39-B4EA-BC7FA949A1F6}.Debug|Any CPU.Build.0 = Debug|Any CPU
		{CD8F77F2-5C26-4B39-B4EA-BC7FA949A1F6}.Debug|x64.ActiveCfg = Debug|Any CPU
		{CD8F77F2-5C26-4B39-B4EA-BC7FA949A1F6}.Debug|x64.Build.0 = Debug|Any CPU
		{CD8F77F2-5C26-4B39-B4EA-BC7FA949A1F6}.Debug|x86.ActiveCfg = Debug|Any CPU
		{CD8F77F2-5C26-4B39-B4EA-BC7FA949A1F6}.Debug|x86.Build.0 = Debug|Any CPU
		{CD8F77F2-5C26-4B39-B4EA-BC7FA949A1F6}.Release|Any CPU.ActiveCfg = Release|Any CPU
		{CD8F77F2-5C26-4B39-B4EA-BC7FA949A1F6}.Release|Any CPU.Build.0 = Release|Any CPU
		{CD8F77F2-5C26-4B39-B4EA-BC7FA949A1F6}.Release|x64.ActiveCfg = Release|Any CPU
		{CD8F77F2-5C26-4B39-B4EA-BC7FA949A1F6}.Release|x64.Build.0 = Release|Any CPU
		{CD8F77F2-5C26-4B39-B4EA-BC7FA949A1F6}.Release|x86.ActiveCfg = Release|Any CPU
		{CD8F77F2-5C26-4B39-B4EA-BC7FA949A1F6}.Release|x86.Build.0 = Release|Any CPU
		{38AC3722-C16C-43F9-9EB3-2B06AD61FBCF}.Debug|Any CPU.ActiveCfg = Debug|Any CPU
		{38AC3722-C16C-43F9-9EB3-2B06AD61FBCF}.Debug|Any CPU.Build.0 = Debug|Any CPU
		{38AC3722-C16C-43F9-9EB3-2B06AD61FBCF}.Debug|x64.ActiveCfg = Debug|Any CPU
		{38AC3722-C16C-43F9-9EB3-2B06AD61FBCF}.Debug|x64.Build.0 = Debug|Any CPU
		{38AC3722-C16C-43F9-9EB3-2B06AD61FBCF}.Debug|x86.ActiveCfg = Debug|Any CPU
		{38AC3722-C16C-43F9-9EB3-2B06AD61FBCF}.Debug|x86.Build.0 = Debug|Any CPU
		{38AC3722-C16C-43F9-9EB3-2B06AD61FBCF}.Release|Any CPU.ActiveCfg = Release|Any CPU
		{38AC3722-C16C-43F9-9EB3-2B06AD61FBCF}.Release|Any CPU.Build.0 = Release|Any CPU
		{38AC3722-C16C-43F9-9EB3-2B06AD61FBCF}.Release|x64.ActiveCfg = Release|Any CPU
		{38AC3722-C16C-43F9-9EB3-2B06AD61FBCF}.Release|x64.Build.0 = Release|Any CPU
		{38AC3722-C16C-43F9-9EB3-2B06AD61FBCF}.Release|x86.ActiveCfg = Release|Any CPU
		{38AC3722-C16C-43F9-9EB3-2B06AD61FBCF}.Release|x86.Build.0 = Release|Any CPU
		{0AF3082A-0256-4C17-A95F-45EC00CDBE04}.Debug|Any CPU.ActiveCfg = Debug|Any CPU
		{0AF3082A-0256-4C17-A95F-45EC00CDBE04}.Debug|Any CPU.Build.0 = Debug|Any CPU
		{0AF3082A-0256-4C17-A95F-45EC00CDBE04}.Debug|x64.ActiveCfg = Debug|Any CPU
		{0AF3082A-0256-4C17-A95F-45EC00CDBE04}.Debug|x64.Build.0 = Debug|Any CPU
		{0AF3082A-0256-4C17-A95F-45EC00CDBE04}.Debug|x86.ActiveCfg = Debug|Any CPU
		{0AF3082A-0256-4C17-A95F-45EC00CDBE04}.Debug|x86.Build.0 = Debug|Any CPU
		{0AF3082A-0256-4C17-A95F-45EC00CDBE04}.Release|Any CPU.ActiveCfg = Release|Any CPU
		{0AF3082A-0256-4C17-A95F-45EC00CDBE04}.Release|Any CPU.Build.0 = Release|Any CPU
		{0AF3082A-0256-4C17-A95F-45EC00CDBE04}.Release|x64.ActiveCfg = Release|Any CPU
		{0AF3082A-0256-4C17-A95F-45EC00CDBE04}.Release|x64.Build.0 = Release|Any CPU
		{0AF3082A-0256-4C17-A95F-45EC00CDBE04}.Release|x86.ActiveCfg = Release|Any CPU
		{0AF3082A-0256-4C17-A95F-45EC00CDBE04}.Release|x86.Build.0 = Release|Any CPU
		{AB8DDB09-2AF5-4F6B-87AC-9CC1557ED412}.Debug|Any CPU.ActiveCfg = Debug|Any CPU
		{AB8DDB09-2AF5-4F6B-87AC-9CC1557ED412}.Debug|Any CPU.Build.0 = Debug|Any CPU
		{AB8DDB09-2AF5-4F6B-87AC-9CC1557ED412}.Debug|x64.ActiveCfg = Debug|Any CPU
		{AB8DDB09-2AF5-4F6B-87AC-9CC1557ED412}.Debug|x64.Build.0 = Debug|Any CPU
		{AB8DDB09-2AF5-4F6B-87AC-9CC1557ED412}.Debug|x86.ActiveCfg = Debug|Any CPU
		{AB8DDB09-2AF5-4F6B-87AC-9CC1557ED412}.Debug|x86.Build.0 = Debug|Any CPU
		{AB8DDB09-2AF5-4F6B-87AC-9CC1557ED412}.Release|Any CPU.ActiveCfg = Release|Any CPU
		{AB8DDB09-2AF5-4F6B-87AC-9CC1557ED412}.Release|Any CPU.Build.0 = Release|Any CPU
		{AB8DDB09-2AF5-4F6B-87AC-9CC1557ED412}.Release|x64.ActiveCfg = Release|Any CPU
		{AB8DDB09-2AF5-4F6B-87AC-9CC1557ED412}.Release|x64.Build.0 = Release|Any CPU
		{AB8DDB09-2AF5-4F6B-87AC-9CC1557ED412}.Release|x86.ActiveCfg = Release|Any CPU
		{AB8DDB09-2AF5-4F6B-87AC-9CC1557ED412}.Release|x86.Build.0 = Release|Any CPU
		{BF5336D1-1FE0-48DB-B7F2-5E51BB2F4FD8}.Debug|Any CPU.ActiveCfg = Debug|Any CPU
		{BF5336D1-1FE0-48DB-B7F2-5E51BB2F4FD8}.Debug|Any CPU.Build.0 = Debug|Any CPU
		{BF5336D1-1FE0-48DB-B7F2-5E51BB2F4FD8}.Debug|x64.ActiveCfg = Debug|Any CPU
		{BF5336D1-1FE0-48DB-B7F2-5E51BB2F4FD8}.Debug|x64.Build.0 = Debug|Any CPU
		{BF5336D1-1FE0-48DB-B7F2-5E51BB2F4FD8}.Debug|x86.ActiveCfg = Debug|Any CPU
		{BF5336D1-1FE0-48DB-B7F2-5E51BB2F4FD8}.Debug|x86.Build.0 = Debug|Any CPU
		{BF5336D1-1FE0-48DB-B7F2-5E51BB2F4FD8}.Release|Any CPU.ActiveCfg = Release|Any CPU
		{BF5336D1-1FE0-48DB-B7F2-5E51BB2F4FD8}.Release|Any CPU.Build.0 = Release|Any CPU
		{BF5336D1-1FE0-48DB-B7F2-5E51BB2F4FD8}.Release|x64.ActiveCfg = Release|Any CPU
		{BF5336D1-1FE0-48DB-B7F2-5E51BB2F4FD8}.Release|x64.Build.0 = Release|Any CPU
		{BF5336D1-1FE0-48DB-B7F2-5E51BB2F4FD8}.Release|x86.ActiveCfg = Release|Any CPU
		{BF5336D1-1FE0-48DB-B7F2-5E51BB2F4FD8}.Release|x86.Build.0 = Release|Any CPU
	EndGlobalSection
	GlobalSection(SolutionProperties) = preSolution
		HideSolutionNode = FALSE
	EndGlobalSection
	GlobalSection(ExtensibilityGlobals) = postSolution
		SolutionGuid = {8EAA2DBF-3FF7-40F7-A9DB-64BD5F47FB87}
	EndGlobalSection
EndGlobal
